// !$*UTF8*$!
{
	archiveVersion = 1;
	classes = {
	};
	objectVersion = 51;
	objects = {

/* Begin PBXBuildFile section */
		4BB8C0DD943208269A217DDE /* Pods_Push_Up_Tracker_Push_Up_TrackerUITests.framework in Frameworks */ = {isa = PBXBuildFile; fileRef = E7AEF4E853F943A0099A0F88 /* Pods_Push_Up_Tracker_Push_Up_TrackerUITests.framework */; };
		85453C16FDAA40F48CE20373 /* Pods_Push_Up_TrackerTests.framework in Frameworks */ = {isa = PBXBuildFile; fileRef = C141369CA5ABA69B0FF4902B /* Pods_Push_Up_TrackerTests.framework */; };
		B428653724BF65E600F03109 /* AppDelegate.m in Sources */ = {isa = PBXBuildFile; fileRef = B428653624BF65E600F03109 /* AppDelegate.m */; };
		B428653A24BF65E600F03109 /* SceneDelegate.m in Sources */ = {isa = PBXBuildFile; fileRef = B428653924BF65E600F03109 /* SceneDelegate.m */; };
		B428653D24BF65E600F03109 /* ViewController.m in Sources */ = {isa = PBXBuildFile; fileRef = B428653C24BF65E600F03109 /* ViewController.m */; };
		B428654024BF65E600F03109 /* Main.storyboard in Resources */ = {isa = PBXBuildFile; fileRef = B428653E24BF65E600F03109 /* Main.storyboard */; };
		B428654224BF65E800F03109 /* Assets.xcassets in Resources */ = {isa = PBXBuildFile; fileRef = B428654124BF65E800F03109 /* Assets.xcassets */; };
		B428654524BF65E800F03109 /* LaunchScreen.storyboard in Resources */ = {isa = PBXBuildFile; fileRef = B428654324BF65E800F03109 /* LaunchScreen.storyboard */; };
		B428654824BF65E800F03109 /* main.m in Sources */ = {isa = PBXBuildFile; fileRef = B428654724BF65E800F03109 /* main.m */; };
		B428655224BF65E800F03109 /* Push_Up_TrackerTests.m in Sources */ = {isa = PBXBuildFile; fileRef = B428655124BF65E800F03109 /* Push_Up_TrackerTests.m */; };
		B428655D24BF65E800F03109 /* Push_Up_TrackerUITests.m in Sources */ = {isa = PBXBuildFile; fileRef = B428655C24BF65E800F03109 /* Push_Up_TrackerUITests.m */; };
		B493ED8024D9861E0055C9D0 /* Joey-Down.wav in Resources */ = {isa = PBXBuildFile; fileRef = B493ED7C24D9861E0055C9D0 /* Joey-Down.wav */; };
		B493ED8124D9861E0055C9D0 /* Joey-Up.wav in Resources */ = {isa = PBXBuildFile; fileRef = B493ED7D24D9861E0055C9D0 /* Joey-Up.wav */; };
		B493ED8224D9861E0055C9D0 /* Salli-Down.wav in Resources */ = {isa = PBXBuildFile; fileRef = B493ED7E24D9861E0055C9D0 /* Salli-Down.wav */; };
		B493ED8324D9861E0055C9D0 /* Salli-Up.wav in Resources */ = {isa = PBXBuildFile; fileRef = B493ED7F24D9861E0055C9D0 /* Salli-Up.wav */; };
		B493ED8624DA059A0055C9D0 /* GroupViewController.m in Sources */ = {isa = PBXBuildFile; fileRef = B493ED8524DA059A0055C9D0 /* GroupViewController.m */; };
		B493ED8924DA05C30055C9D0 /* EditGroupViewController.m in Sources */ = {isa = PBXBuildFile; fileRef = B493ED8824DA05C30055C9D0 /* EditGroupViewController.m */; };
		B493ED8C24DAB79C0055C9D0 /* GroupCompletedSetsViewController.m in Sources */ = {isa = PBXBuildFile; fileRef = B493ED8B24DAB79C0055C9D0 /* GroupCompletedSetsViewController.m */; };
		B493ED8F24DACACF0055C9D0 /* OtherProfileViewController.m in Sources */ = {isa = PBXBuildFile; fileRef = B493ED8E24DACACF0055C9D0 /* OtherProfileViewController.m */; };
		B493ED9224DAD5730055C9D0 /* RankingSystem.m in Sources */ = {isa = PBXBuildFile; fileRef = B493ED9124DAD5730055C9D0 /* RankingSystem.m */; };
		B493ED9524DADED10055C9D0 /* ProfileGoalsViewController.m in Sources */ = {isa = PBXBuildFile; fileRef = B493ED9424DADED10055C9D0 /* ProfileGoalsViewController.m */; };
		B493ED9B24DB1FCB0055C9D0 /* GoalCell.m in Sources */ = {isa = PBXBuildFile; fileRef = B493ED9A24DB1FCB0055C9D0 /* GoalCell.m */; };
		B493ED9E24DC86B00055C9D0 /* GroupGoalsViewController.m in Sources */ = {isa = PBXBuildFile; fileRef = B493ED9D24DC86B00055C9D0 /* GroupGoalsViewController.m */; };
		B493EDA124DC9B280055C9D0 /* AddGoalViewController.m in Sources */ = {isa = PBXBuildFile; fileRef = B493EDA024DC9B280055C9D0 /* AddGoalViewController.m */; };
		B493EDA424DCACB00055C9D0 /* EditProfileViewController.m in Sources */ = {isa = PBXBuildFile; fileRef = B493EDA324DCACB00055C9D0 /* EditProfileViewController.m */; };
		B4EEA2A424C0C9DE00C05571 /* LoginViewController.m in Sources */ = {isa = PBXBuildFile; fileRef = B4EEA2A324C0C9DE00C05571 /* LoginViewController.m */; };
		B4EEA2A724C0D36F00C05571 /* ProfileViewController.m in Sources */ = {isa = PBXBuildFile; fileRef = B4EEA2A624C0D36F00C05571 /* ProfileViewController.m */; };
		B4EEA2AA24C9E13300C05571 /* PushupViewController.m in Sources */ = {isa = PBXBuildFile; fileRef = B4EEA2A924C9E13300C05571 /* PushupViewController.m */; };
		B4EEA2AD24C9FE3600C05571 /* AddGroupViewController.m in Sources */ = {isa = PBXBuildFile; fileRef = B4EEA2AC24C9FE3600C05571 /* AddGroupViewController.m */; };
		B4EEA2B024CA008600C05571 /* GroupsViewController.m in Sources */ = {isa = PBXBuildFile; fileRef = B4EEA2AF24CA008600C05571 /* GroupsViewController.m */; };
		B4EEA2B324CA102100C05571 /* Group.m in Sources */ = {isa = PBXBuildFile; fileRef = B4EEA2B224CA102100C05571 /* Group.m */; };
		B4EEA2B624CB5F2C00C05571 /* GroupCell.m in Sources */ = {isa = PBXBuildFile; fileRef = B4EEA2B524CB5F2C00C05571 /* GroupCell.m */; };
		B4EEA2B924D09DD500C05571 /* ProfileCompletedSetsViewController.m in Sources */ = {isa = PBXBuildFile; fileRef = B4EEA2B824D09DD500C05571 /* ProfileCompletedSetsViewController.m */; };
		B4EEA2BC24D0A09100C05571 /* AVFoundation.framework in Frameworks */ = {isa = PBXBuildFile; fileRef = B4EEA2BA24D0A09100C05571 /* AVFoundation.framework */; };
		B4EEA2BD24D0A09100C05571 /* AVKit.framework in Frameworks */ = {isa = PBXBuildFile; fileRef = B4EEA2BB24D0A09100C05571 /* AVKit.framework */; };
		B4EEA2C024D0CEB300C05571 /* SetCell.m in Sources */ = {isa = PBXBuildFile; fileRef = B4EEA2BF24D0CEB300C05571 /* SetCell.m */; };
		B4EEA2C324D0CECC00C05571 /* Set.m in Sources */ = {isa = PBXBuildFile; fileRef = B4EEA2C224D0CECC00C05571 /* Set.m */; };
		B4EEA2C624D3602600C05571 /* SetDetailsViewController.m in Sources */ = {isa = PBXBuildFile; fileRef = B4EEA2C524D3602600C05571 /* SetDetailsViewController.m */; };
		B4EEA2C924D4C6ED00C05571 /* Goal.m in Sources */ = {isa = PBXBuildFile; fileRef = B4EEA2C824D4C6ED00C05571 /* Goal.m */; };
		B4EEA2CC24D800E400C05571 /* CEFPFFileObjectHelper.m in Sources */ = {isa = PBXBuildFile; fileRef = B4EEA2CB24D800E400C05571 /* CEFPFFileObjectHelper.m */; };
		B4EEA2CF24D828B600C05571 /* PushupPostViewController.m in Sources */ = {isa = PBXBuildFile; fileRef = B4EEA2CE24D828B600C05571 /* PushupPostViewController.m */; };
		B4EEA2D224D8AA2900C05571 /* CEFFileHelper.m in Sources */ = {isa = PBXBuildFile; fileRef = B4EEA2D124D8AA2900C05571 /* CEFFileHelper.m */; };
		D6474E045D040CBC9D4FE365 /* Pods_Push_Up_Tracker.framework in Frameworks */ = {isa = PBXBuildFile; fileRef = C5374A8E0B018A017812AD50 /* Pods_Push_Up_Tracker.framework */; };
/* End PBXBuildFile section */

/* Begin PBXContainerItemProxy section */
		B428654E24BF65E800F03109 /* PBXContainerItemProxy */ = {
			isa = PBXContainerItemProxy;
			containerPortal = B428652A24BF65E600F03109 /* Project object */;
			proxyType = 1;
			remoteGlobalIDString = B428653124BF65E600F03109;
			remoteInfo = "Push-Up-Tracker";
		};
		B428655924BF65E800F03109 /* PBXContainerItemProxy */ = {
			isa = PBXContainerItemProxy;
			containerPortal = B428652A24BF65E600F03109 /* Project object */;
			proxyType = 1;
			remoteGlobalIDString = B428653124BF65E600F03109;
			remoteInfo = "Push-Up-Tracker";
		};
/* End PBXContainerItemProxy section */

/* Begin PBXFileReference section */
		149C62F7480DE775C44E25DA /* Pods-Push-Up-TrackerTests.release.xcconfig */ = {isa = PBXFileReference; includeInIndex = 1; lastKnownFileType = text.xcconfig; name = "Pods-Push-Up-TrackerTests.release.xcconfig"; path = "Target Support Files/Pods-Push-Up-TrackerTests/Pods-Push-Up-TrackerTests.release.xcconfig"; sourceTree = "<group>"; };
		28CAE9F3D65D1112AD3D1AC2 /* Pods-Push-Up-TrackerTests.debug.xcconfig */ = {isa = PBXFileReference; includeInIndex = 1; lastKnownFileType = text.xcconfig; name = "Pods-Push-Up-TrackerTests.debug.xcconfig"; path = "Target Support Files/Pods-Push-Up-TrackerTests/Pods-Push-Up-TrackerTests.debug.xcconfig"; sourceTree = "<group>"; };
		45D0A63E4F4A8347880C09ED /* Pods-Push-Up-Tracker-Push-Up-TrackerUITests.debug.xcconfig */ = {isa = PBXFileReference; includeInIndex = 1; lastKnownFileType = text.xcconfig; name = "Pods-Push-Up-Tracker-Push-Up-TrackerUITests.debug.xcconfig"; path = "Target Support Files/Pods-Push-Up-Tracker-Push-Up-TrackerUITests/Pods-Push-Up-Tracker-Push-Up-TrackerUITests.debug.xcconfig"; sourceTree = "<group>"; };
		8173676FBFDACE90D23156C3 /* Pods-Push-Up-Tracker-Push-Up-TrackerUITests.release.xcconfig */ = {isa = PBXFileReference; includeInIndex = 1; lastKnownFileType = text.xcconfig; name = "Pods-Push-Up-Tracker-Push-Up-TrackerUITests.release.xcconfig"; path = "Target Support Files/Pods-Push-Up-Tracker-Push-Up-TrackerUITests/Pods-Push-Up-Tracker-Push-Up-TrackerUITests.release.xcconfig"; sourceTree = "<group>"; };
		A92AF6D82077891DBDC906CF /* Pods-Push-Up-Tracker.debug.xcconfig */ = {isa = PBXFileReference; includeInIndex = 1; lastKnownFileType = text.xcconfig; name = "Pods-Push-Up-Tracker.debug.xcconfig"; path = "Target Support Files/Pods-Push-Up-Tracker/Pods-Push-Up-Tracker.debug.xcconfig"; sourceTree = "<group>"; };
		B428653224BF65E600F03109 /* Push-Up-Tracker.app */ = {isa = PBXFileReference; explicitFileType = wrapper.application; includeInIndex = 0; path = "Push-Up-Tracker.app"; sourceTree = BUILT_PRODUCTS_DIR; };
		B428653524BF65E600F03109 /* AppDelegate.h */ = {isa = PBXFileReference; lastKnownFileType = sourcecode.c.h; path = AppDelegate.h; sourceTree = "<group>"; };
		B428653624BF65E600F03109 /* AppDelegate.m */ = {isa = PBXFileReference; lastKnownFileType = sourcecode.c.objc; path = AppDelegate.m; sourceTree = "<group>"; };
		B428653824BF65E600F03109 /* SceneDelegate.h */ = {isa = PBXFileReference; lastKnownFileType = sourcecode.c.h; path = SceneDelegate.h; sourceTree = "<group>"; };
		B428653924BF65E600F03109 /* SceneDelegate.m */ = {isa = PBXFileReference; lastKnownFileType = sourcecode.c.objc; path = SceneDelegate.m; sourceTree = "<group>"; };
		B428653B24BF65E600F03109 /* ViewController.h */ = {isa = PBXFileReference; lastKnownFileType = sourcecode.c.h; path = ViewController.h; sourceTree = "<group>"; };
		B428653C24BF65E600F03109 /* ViewController.m */ = {isa = PBXFileReference; lastKnownFileType = sourcecode.c.objc; path = ViewController.m; sourceTree = "<group>"; };
		B428653F24BF65E600F03109 /* Base */ = {isa = PBXFileReference; lastKnownFileType = file.storyboard; name = Base; path = Base.lproj/Main.storyboard; sourceTree = "<group>"; };
		B428654124BF65E800F03109 /* Assets.xcassets */ = {isa = PBXFileReference; lastKnownFileType = folder.assetcatalog; path = Assets.xcassets; sourceTree = "<group>"; };
		B428654424BF65E800F03109 /* Base */ = {isa = PBXFileReference; lastKnownFileType = file.storyboard; name = Base; path = Base.lproj/LaunchScreen.storyboard; sourceTree = "<group>"; };
		B428654624BF65E800F03109 /* Info.plist */ = {isa = PBXFileReference; lastKnownFileType = text.plist.xml; path = Info.plist; sourceTree = "<group>"; };
		B428654724BF65E800F03109 /* main.m */ = {isa = PBXFileReference; lastKnownFileType = sourcecode.c.objc; path = main.m; sourceTree = "<group>"; };
		B428654D24BF65E800F03109 /* Push-Up-TrackerTests.xctest */ = {isa = PBXFileReference; explicitFileType = wrapper.cfbundle; includeInIndex = 0; path = "Push-Up-TrackerTests.xctest"; sourceTree = BUILT_PRODUCTS_DIR; };
		B428655124BF65E800F03109 /* Push_Up_TrackerTests.m */ = {isa = PBXFileReference; lastKnownFileType = sourcecode.c.objc; path = Push_Up_TrackerTests.m; sourceTree = "<group>"; };
		B428655324BF65E800F03109 /* Info.plist */ = {isa = PBXFileReference; lastKnownFileType = text.plist.xml; path = Info.plist; sourceTree = "<group>"; };
		B428655824BF65E800F03109 /* Push-Up-TrackerUITests.xctest */ = {isa = PBXFileReference; explicitFileType = wrapper.cfbundle; includeInIndex = 0; path = "Push-Up-TrackerUITests.xctest"; sourceTree = BUILT_PRODUCTS_DIR; };
		B428655C24BF65E800F03109 /* Push_Up_TrackerUITests.m */ = {isa = PBXFileReference; lastKnownFileType = sourcecode.c.objc; path = Push_Up_TrackerUITests.m; sourceTree = "<group>"; };
		B428655E24BF65E800F03109 /* Info.plist */ = {isa = PBXFileReference; lastKnownFileType = text.plist.xml; path = Info.plist; sourceTree = "<group>"; };
		B493ED7C24D9861E0055C9D0 /* Joey-Down.wav */ = {isa = PBXFileReference; lastKnownFileType = audio.wav; path = "Joey-Down.wav"; sourceTree = "<group>"; };
		B493ED7D24D9861E0055C9D0 /* Joey-Up.wav */ = {isa = PBXFileReference; lastKnownFileType = audio.wav; path = "Joey-Up.wav"; sourceTree = "<group>"; };
		B493ED7E24D9861E0055C9D0 /* Salli-Down.wav */ = {isa = PBXFileReference; lastKnownFileType = audio.wav; path = "Salli-Down.wav"; sourceTree = "<group>"; };
		B493ED7F24D9861E0055C9D0 /* Salli-Up.wav */ = {isa = PBXFileReference; lastKnownFileType = audio.wav; path = "Salli-Up.wav"; sourceTree = "<group>"; };
		B493ED8424DA059A0055C9D0 /* GroupViewController.h */ = {isa = PBXFileReference; lastKnownFileType = sourcecode.c.h; path = GroupViewController.h; sourceTree = "<group>"; };
		B493ED8524DA059A0055C9D0 /* GroupViewController.m */ = {isa = PBXFileReference; lastKnownFileType = sourcecode.c.objc; path = GroupViewController.m; sourceTree = "<group>"; };
		B493ED8724DA05C30055C9D0 /* EditGroupViewController.h */ = {isa = PBXFileReference; lastKnownFileType = sourcecode.c.h; path = EditGroupViewController.h; sourceTree = "<group>"; };
		B493ED8824DA05C30055C9D0 /* EditGroupViewController.m */ = {isa = PBXFileReference; lastKnownFileType = sourcecode.c.objc; path = EditGroupViewController.m; sourceTree = "<group>"; };
		B493ED8A24DAB79C0055C9D0 /* GroupCompletedSetsViewController.h */ = {isa = PBXFileReference; lastKnownFileType = sourcecode.c.h; path = GroupCompletedSetsViewController.h; sourceTree = "<group>"; };
		B493ED8B24DAB79C0055C9D0 /* GroupCompletedSetsViewController.m */ = {isa = PBXFileReference; lastKnownFileType = sourcecode.c.objc; path = GroupCompletedSetsViewController.m; sourceTree = "<group>"; };
		B493ED8D24DACACF0055C9D0 /* OtherProfileViewController.h */ = {isa = PBXFileReference; lastKnownFileType = sourcecode.c.h; path = OtherProfileViewController.h; sourceTree = "<group>"; };
		B493ED8E24DACACF0055C9D0 /* OtherProfileViewController.m */ = {isa = PBXFileReference; lastKnownFileType = sourcecode.c.objc; path = OtherProfileViewController.m; sourceTree = "<group>"; };
		B493ED9024DAD5730055C9D0 /* RankingSystem.h */ = {isa = PBXFileReference; lastKnownFileType = sourcecode.c.h; path = RankingSystem.h; sourceTree = "<group>"; };
		B493ED9124DAD5730055C9D0 /* RankingSystem.m */ = {isa = PBXFileReference; lastKnownFileType = sourcecode.c.objc; path = RankingSystem.m; sourceTree = "<group>"; };
		B493ED9324DADED10055C9D0 /* ProfileGoalsViewController.h */ = {isa = PBXFileReference; lastKnownFileType = sourcecode.c.h; path = ProfileGoalsViewController.h; sourceTree = "<group>"; };
		B493ED9424DADED10055C9D0 /* ProfileGoalsViewController.m */ = {isa = PBXFileReference; lastKnownFileType = sourcecode.c.objc; path = ProfileGoalsViewController.m; sourceTree = "<group>"; };
		B493ED9924DB1FCB0055C9D0 /* GoalCell.h */ = {isa = PBXFileReference; lastKnownFileType = sourcecode.c.h; path = GoalCell.h; sourceTree = "<group>"; };
		B493ED9A24DB1FCB0055C9D0 /* GoalCell.m */ = {isa = PBXFileReference; lastKnownFileType = sourcecode.c.objc; path = GoalCell.m; sourceTree = "<group>"; };
		B493ED9C24DC86B00055C9D0 /* GroupGoalsViewController.h */ = {isa = PBXFileReference; lastKnownFileType = sourcecode.c.h; path = GroupGoalsViewController.h; sourceTree = "<group>"; };
		B493ED9D24DC86B00055C9D0 /* GroupGoalsViewController.m */ = {isa = PBXFileReference; lastKnownFileType = sourcecode.c.objc; path = GroupGoalsViewController.m; sourceTree = "<group>"; };
		B493ED9F24DC9B280055C9D0 /* AddGoalViewController.h */ = {isa = PBXFileReference; lastKnownFileType = sourcecode.c.h; path = AddGoalViewController.h; sourceTree = "<group>"; };
		B493EDA024DC9B280055C9D0 /* AddGoalViewController.m */ = {isa = PBXFileReference; lastKnownFileType = sourcecode.c.objc; path = AddGoalViewController.m; sourceTree = "<group>"; };
		B493EDA224DCACB00055C9D0 /* EditProfileViewController.h */ = {isa = PBXFileReference; lastKnownFileType = sourcecode.c.h; path = EditProfileViewController.h; sourceTree = "<group>"; };
		B493EDA324DCACB00055C9D0 /* EditProfileViewController.m */ = {isa = PBXFileReference; lastKnownFileType = sourcecode.c.objc; path = EditProfileViewController.m; sourceTree = "<group>"; };
		B4EEA2A224C0C9DE00C05571 /* LoginViewController.h */ = {isa = PBXFileReference; lastKnownFileType = sourcecode.c.h; path = LoginViewController.h; sourceTree = "<group>"; };
		B4EEA2A324C0C9DE00C05571 /* LoginViewController.m */ = {isa = PBXFileReference; lastKnownFileType = sourcecode.c.objc; path = LoginViewController.m; sourceTree = "<group>"; };
		B4EEA2A524C0D36F00C05571 /* ProfileViewController.h */ = {isa = PBXFileReference; lastKnownFileType = sourcecode.c.h; path = ProfileViewController.h; sourceTree = "<group>"; };
		B4EEA2A624C0D36F00C05571 /* ProfileViewController.m */ = {isa = PBXFileReference; lastKnownFileType = sourcecode.c.objc; path = ProfileViewController.m; sourceTree = "<group>"; };
		B4EEA2A824C9E13300C05571 /* PushupViewController.h */ = {isa = PBXFileReference; lastKnownFileType = sourcecode.c.h; path = PushupViewController.h; sourceTree = "<group>"; };
		B4EEA2A924C9E13300C05571 /* PushupViewController.m */ = {isa = PBXFileReference; lastKnownFileType = sourcecode.c.objc; path = PushupViewController.m; sourceTree = "<group>"; };
		B4EEA2AB24C9FE3600C05571 /* AddGroupViewController.h */ = {isa = PBXFileReference; lastKnownFileType = sourcecode.c.h; path = AddGroupViewController.h; sourceTree = "<group>"; };
		B4EEA2AC24C9FE3600C05571 /* AddGroupViewController.m */ = {isa = PBXFileReference; lastKnownFileType = sourcecode.c.objc; path = AddGroupViewController.m; sourceTree = "<group>"; wrapsLines = 1; };
		B4EEA2AE24CA008600C05571 /* GroupsViewController.h */ = {isa = PBXFileReference; lastKnownFileType = sourcecode.c.h; path = GroupsViewController.h; sourceTree = "<group>"; };
		B4EEA2AF24CA008600C05571 /* GroupsViewController.m */ = {isa = PBXFileReference; lastKnownFileType = sourcecode.c.objc; path = GroupsViewController.m; sourceTree = "<group>"; };
		B4EEA2B124CA102100C05571 /* Group.h */ = {isa = PBXFileReference; lastKnownFileType = sourcecode.c.h; path = Group.h; sourceTree = "<group>"; };
		B4EEA2B224CA102100C05571 /* Group.m */ = {isa = PBXFileReference; lastKnownFileType = sourcecode.c.objc; path = Group.m; sourceTree = "<group>"; };
		B4EEA2B424CB5F2C00C05571 /* GroupCell.h */ = {isa = PBXFileReference; lastKnownFileType = sourcecode.c.h; path = GroupCell.h; sourceTree = "<group>"; };
		B4EEA2B524CB5F2C00C05571 /* GroupCell.m */ = {isa = PBXFileReference; lastKnownFileType = sourcecode.c.objc; path = GroupCell.m; sourceTree = "<group>"; };
		B4EEA2B724D09DD500C05571 /* ProfileCompletedSetsViewController.h */ = {isa = PBXFileReference; lastKnownFileType = sourcecode.c.h; path = ProfileCompletedSetsViewController.h; sourceTree = "<group>"; };
		B4EEA2B824D09DD500C05571 /* ProfileCompletedSetsViewController.m */ = {isa = PBXFileReference; lastKnownFileType = sourcecode.c.objc; path = ProfileCompletedSetsViewController.m; sourceTree = "<group>"; };
		B4EEA2BA24D0A09100C05571 /* AVFoundation.framework */ = {isa = PBXFileReference; lastKnownFileType = wrapper.framework; name = AVFoundation.framework; path = System/Library/Frameworks/AVFoundation.framework; sourceTree = SDKROOT; };
		B4EEA2BB24D0A09100C05571 /* AVKit.framework */ = {isa = PBXFileReference; lastKnownFileType = wrapper.framework; name = AVKit.framework; path = System/Library/Frameworks/AVKit.framework; sourceTree = SDKROOT; };
		B4EEA2BE24D0CEB300C05571 /* SetCell.h */ = {isa = PBXFileReference; lastKnownFileType = sourcecode.c.h; path = SetCell.h; sourceTree = "<group>"; };
		B4EEA2BF24D0CEB300C05571 /* SetCell.m */ = {isa = PBXFileReference; lastKnownFileType = sourcecode.c.objc; path = SetCell.m; sourceTree = "<group>"; };
		B4EEA2C124D0CECC00C05571 /* Set.h */ = {isa = PBXFileReference; lastKnownFileType = sourcecode.c.h; path = Set.h; sourceTree = "<group>"; };
		B4EEA2C224D0CECC00C05571 /* Set.m */ = {isa = PBXFileReference; lastKnownFileType = sourcecode.c.objc; path = Set.m; sourceTree = "<group>"; };
		B4EEA2C424D3602600C05571 /* SetDetailsViewController.h */ = {isa = PBXFileReference; lastKnownFileType = sourcecode.c.h; path = SetDetailsViewController.h; sourceTree = "<group>"; };
		B4EEA2C524D3602600C05571 /* SetDetailsViewController.m */ = {isa = PBXFileReference; lastKnownFileType = sourcecode.c.objc; path = SetDetailsViewController.m; sourceTree = "<group>"; };
		B4EEA2C724D4C6ED00C05571 /* Goal.h */ = {isa = PBXFileReference; lastKnownFileType = sourcecode.c.h; path = Goal.h; sourceTree = "<group>"; };
		B4EEA2C824D4C6ED00C05571 /* Goal.m */ = {isa = PBXFileReference; lastKnownFileType = sourcecode.c.objc; path = Goal.m; sourceTree = "<group>"; };
		B4EEA2CA24D800E400C05571 /* CEFPFFileObjectHelper.h */ = {isa = PBXFileReference; lastKnownFileType = sourcecode.c.h; path = CEFPFFileObjectHelper.h; sourceTree = "<group>"; };
		B4EEA2CB24D800E400C05571 /* CEFPFFileObjectHelper.m */ = {isa = PBXFileReference; lastKnownFileType = sourcecode.c.objc; path = CEFPFFileObjectHelper.m; sourceTree = "<group>"; };
		B4EEA2CD24D828B600C05571 /* PushupPostViewController.h */ = {isa = PBXFileReference; lastKnownFileType = sourcecode.c.h; path = PushupPostViewController.h; sourceTree = "<group>"; };
		B4EEA2CE24D828B600C05571 /* PushupPostViewController.m */ = {isa = PBXFileReference; lastKnownFileType = sourcecode.c.objc; path = PushupPostViewController.m; sourceTree = "<group>"; };
		B4EEA2D024D8AA2900C05571 /* CEFFileHelper.h */ = {isa = PBXFileReference; lastKnownFileType = sourcecode.c.h; path = CEFFileHelper.h; sourceTree = "<group>"; };
		B4EEA2D124D8AA2900C05571 /* CEFFileHelper.m */ = {isa = PBXFileReference; lastKnownFileType = sourcecode.c.objc; path = CEFFileHelper.m; sourceTree = "<group>"; };
		C141369CA5ABA69B0FF4902B /* Pods_Push_Up_TrackerTests.framework */ = {isa = PBXFileReference; explicitFileType = wrapper.framework; includeInIndex = 0; path = Pods_Push_Up_TrackerTests.framework; sourceTree = BUILT_PRODUCTS_DIR; };
		C5374A8E0B018A017812AD50 /* Pods_Push_Up_Tracker.framework */ = {isa = PBXFileReference; explicitFileType = wrapper.framework; includeInIndex = 0; path = Pods_Push_Up_Tracker.framework; sourceTree = BUILT_PRODUCTS_DIR; };
		D713EC81180F99D1739DCECC /* Pods-Push-Up-Tracker.release.xcconfig */ = {isa = PBXFileReference; includeInIndex = 1; lastKnownFileType = text.xcconfig; name = "Pods-Push-Up-Tracker.release.xcconfig"; path = "Target Support Files/Pods-Push-Up-Tracker/Pods-Push-Up-Tracker.release.xcconfig"; sourceTree = "<group>"; };
		E7AEF4E853F943A0099A0F88 /* Pods_Push_Up_Tracker_Push_Up_TrackerUITests.framework */ = {isa = PBXFileReference; explicitFileType = wrapper.framework; includeInIndex = 0; path = Pods_Push_Up_Tracker_Push_Up_TrackerUITests.framework; sourceTree = BUILT_PRODUCTS_DIR; };
/* End PBXFileReference section */

/* Begin PBXFrameworksBuildPhase section */
		B428652F24BF65E600F03109 /* Frameworks */ = {
			isa = PBXFrameworksBuildPhase;
			buildActionMask = 2147483647;
			files = (
				B4EEA2BC24D0A09100C05571 /* AVFoundation.framework in Frameworks */,
				D6474E045D040CBC9D4FE365 /* Pods_Push_Up_Tracker.framework in Frameworks */,
				B4EEA2BD24D0A09100C05571 /* AVKit.framework in Frameworks */,
			);
			runOnlyForDeploymentPostprocessing = 0;
		};
		B428654A24BF65E800F03109 /* Frameworks */ = {
			isa = PBXFrameworksBuildPhase;
			buildActionMask = 2147483647;
			files = (
				85453C16FDAA40F48CE20373 /* Pods_Push_Up_TrackerTests.framework in Frameworks */,
			);
			runOnlyForDeploymentPostprocessing = 0;
		};
		B428655524BF65E800F03109 /* Frameworks */ = {
			isa = PBXFrameworksBuildPhase;
			buildActionMask = 2147483647;
			files = (
				4BB8C0DD943208269A217DDE /* Pods_Push_Up_Tracker_Push_Up_TrackerUITests.framework in Frameworks */,
			);
			runOnlyForDeploymentPostprocessing = 0;
		};
/* End PBXFrameworksBuildPhase section */

/* Begin PBXGroup section */
		55B0CAC668665FFDD0463216 /* Pods */ = {
			isa = PBXGroup;
			children = (
				A92AF6D82077891DBDC906CF /* Pods-Push-Up-Tracker.debug.xcconfig */,
				D713EC81180F99D1739DCECC /* Pods-Push-Up-Tracker.release.xcconfig */,
				45D0A63E4F4A8347880C09ED /* Pods-Push-Up-Tracker-Push-Up-TrackerUITests.debug.xcconfig */,
				8173676FBFDACE90D23156C3 /* Pods-Push-Up-Tracker-Push-Up-TrackerUITests.release.xcconfig */,
				28CAE9F3D65D1112AD3D1AC2 /* Pods-Push-Up-TrackerTests.debug.xcconfig */,
				149C62F7480DE775C44E25DA /* Pods-Push-Up-TrackerTests.release.xcconfig */,
			);
			path = Pods;
			sourceTree = "<group>";
		};
		6D00E8BDEFCF0A2521E4AA20 /* Frameworks */ = {
			isa = PBXGroup;
			children = (
				B4EEA2BA24D0A09100C05571 /* AVFoundation.framework */,
				B4EEA2BB24D0A09100C05571 /* AVKit.framework */,
				C5374A8E0B018A017812AD50 /* Pods_Push_Up_Tracker.framework */,
				E7AEF4E853F943A0099A0F88 /* Pods_Push_Up_Tracker_Push_Up_TrackerUITests.framework */,
				C141369CA5ABA69B0FF4902B /* Pods_Push_Up_TrackerTests.framework */,
			);
			name = Frameworks;
			sourceTree = "<group>";
		};
		B428652924BF65E600F03109 = {
			isa = PBXGroup;
			children = (
				B428653424BF65E600F03109 /* Push-Up-Tracker */,
				B428655024BF65E800F03109 /* Push-Up-TrackerTests */,
				B428655B24BF65E800F03109 /* Push-Up-TrackerUITests */,
				B428653324BF65E600F03109 /* Products */,
				55B0CAC668665FFDD0463216 /* Pods */,
				6D00E8BDEFCF0A2521E4AA20 /* Frameworks */,
			);
			sourceTree = "<group>";
		};
		B428653324BF65E600F03109 /* Products */ = {
			isa = PBXGroup;
			children = (
				B428653224BF65E600F03109 /* Push-Up-Tracker.app */,
				B428654D24BF65E800F03109 /* Push-Up-TrackerTests.xctest */,
				B428655824BF65E800F03109 /* Push-Up-TrackerUITests.xctest */,
			);
			name = Products;
			sourceTree = "<group>";
		};
		B428653424BF65E600F03109 /* Push-Up-Tracker */ = {
			isa = PBXGroup;
			children = (
				B493ED7324D977D20055C9D0 /* Sounds */,
				B4EEA2A024C0C2D800C05571 /* Models */,
				B4EEA29F24C0C2B700C05571 /* View Controllers */,
				B4EEA2A124C0C2E200C05571 /* Views */,
				B428653524BF65E600F03109 /* AppDelegate.h */,
				B428653624BF65E600F03109 /* AppDelegate.m */,
				B428653824BF65E600F03109 /* SceneDelegate.h */,
				B428653924BF65E600F03109 /* SceneDelegate.m */,
				B428653B24BF65E600F03109 /* ViewController.h */,
				B428653C24BF65E600F03109 /* ViewController.m */,
				B428653E24BF65E600F03109 /* Main.storyboard */,
				B428654124BF65E800F03109 /* Assets.xcassets */,
				B428654324BF65E800F03109 /* LaunchScreen.storyboard */,
				B428654624BF65E800F03109 /* Info.plist */,
				B428654724BF65E800F03109 /* main.m */,
			);
			path = "Push-Up-Tracker";
			sourceTree = "<group>";
		};
		B428655024BF65E800F03109 /* Push-Up-TrackerTests */ = {
			isa = PBXGroup;
			children = (
				B428655124BF65E800F03109 /* Push_Up_TrackerTests.m */,
				B428655324BF65E800F03109 /* Info.plist */,
			);
			path = "Push-Up-TrackerTests";
			sourceTree = "<group>";
		};
		B428655B24BF65E800F03109 /* Push-Up-TrackerUITests */ = {
			isa = PBXGroup;
			children = (
				B428655C24BF65E800F03109 /* Push_Up_TrackerUITests.m */,
				B428655E24BF65E800F03109 /* Info.plist */,
			);
			path = "Push-Up-TrackerUITests";
			sourceTree = "<group>";
		};
		B493ED7324D977D20055C9D0 /* Sounds */ = {
			isa = PBXGroup;
			children = (
				B493ED7C24D9861E0055C9D0 /* Joey-Down.wav */,
				B493ED7E24D9861E0055C9D0 /* Salli-Down.wav */,
				B493ED7D24D9861E0055C9D0 /* Joey-Up.wav */,
				B493ED7F24D9861E0055C9D0 /* Salli-Up.wav */,
			);
			path = Sounds;
			sourceTree = "<group>";
		};
		B4EEA29F24C0C2B700C05571 /* View Controllers */ = {
			isa = PBXGroup;
			children = (
				B4EEA2A224C0C9DE00C05571 /* LoginViewController.h */,
				B4EEA2A324C0C9DE00C05571 /* LoginViewController.m */,
				B4EEA2A524C0D36F00C05571 /* ProfileViewController.h */,
				B4EEA2A624C0D36F00C05571 /* ProfileViewController.m */,
				B4EEA2A824C9E13300C05571 /* PushupViewController.h */,
				B4EEA2A924C9E13300C05571 /* PushupViewController.m */,
				B4EEA2AB24C9FE3600C05571 /* AddGroupViewController.h */,
				B4EEA2AC24C9FE3600C05571 /* AddGroupViewController.m */,
				B4EEA2AE24CA008600C05571 /* GroupsViewController.h */,
				B4EEA2AF24CA008600C05571 /* GroupsViewController.m */,
				B4EEA2B724D09DD500C05571 /* ProfileCompletedSetsViewController.h */,
				B4EEA2B824D09DD500C05571 /* ProfileCompletedSetsViewController.m */,
				B4EEA2C424D3602600C05571 /* SetDetailsViewController.h */,
				B4EEA2C524D3602600C05571 /* SetDetailsViewController.m */,
				B4EEA2CD24D828B600C05571 /* PushupPostViewController.h */,
				B4EEA2CE24D828B600C05571 /* PushupPostViewController.m */,
				B493ED8424DA059A0055C9D0 /* GroupViewController.h */,
				B493ED8524DA059A0055C9D0 /* GroupViewController.m */,
				B493ED8724DA05C30055C9D0 /* EditGroupViewController.h */,
				B493ED8824DA05C30055C9D0 /* EditGroupViewController.m */,
				B493ED8A24DAB79C0055C9D0 /* GroupCompletedSetsViewController.h */,
				B493ED8B24DAB79C0055C9D0 /* GroupCompletedSetsViewController.m */,
				B493ED8D24DACACF0055C9D0 /* OtherProfileViewController.h */,
				B493ED8E24DACACF0055C9D0 /* OtherProfileViewController.m */,
				B493ED9324DADED10055C9D0 /* ProfileGoalsViewController.h */,
				B493ED9424DADED10055C9D0 /* ProfileGoalsViewController.m */,
				B493ED9C24DC86B00055C9D0 /* GroupGoalsViewController.h */,
				B493ED9D24DC86B00055C9D0 /* GroupGoalsViewController.m */,
				B493ED9F24DC9B280055C9D0 /* AddGoalViewController.h */,
				B493EDA024DC9B280055C9D0 /* AddGoalViewController.m */,
				B493EDA224DCACB00055C9D0 /* EditProfileViewController.h */,
				B493EDA324DCACB00055C9D0 /* EditProfileViewController.m */,
			);
			path = "View Controllers";
			sourceTree = "<group>";
		};
		B4EEA2A024C0C2D800C05571 /* Models */ = {
			isa = PBXGroup;
			children = (
				B4EEA2B124CA102100C05571 /* Group.h */,
				B4EEA2B224CA102100C05571 /* Group.m */,
				B4EEA2C124D0CECC00C05571 /* Set.h */,
				B4EEA2C224D0CECC00C05571 /* Set.m */,
				B4EEA2C724D4C6ED00C05571 /* Goal.h */,
				B4EEA2C824D4C6ED00C05571 /* Goal.m */,
				B4EEA2CA24D800E400C05571 /* CEFPFFileObjectHelper.h */,
				B4EEA2CB24D800E400C05571 /* CEFPFFileObjectHelper.m */,
				B4EEA2D024D8AA2900C05571 /* CEFFileHelper.h */,
				B4EEA2D124D8AA2900C05571 /* CEFFileHelper.m */,
				B493ED9024DAD5730055C9D0 /* RankingSystem.h */,
				B493ED9124DAD5730055C9D0 /* RankingSystem.m */,
			);
			path = Models;
			sourceTree = "<group>";
		};
		B4EEA2A124C0C2E200C05571 /* Views */ = {
			isa = PBXGroup;
			children = (
				B4EEA2B424CB5F2C00C05571 /* GroupCell.h */,
				B4EEA2B524CB5F2C00C05571 /* GroupCell.m */,
				B4EEA2BE24D0CEB300C05571 /* SetCell.h */,
				B4EEA2BF24D0CEB300C05571 /* SetCell.m */,
				B493ED9924DB1FCB0055C9D0 /* GoalCell.h */,
				B493ED9A24DB1FCB0055C9D0 /* GoalCell.m */,
			);
			path = Views;
			sourceTree = "<group>";
		};
/* End PBXGroup section */

/* Begin PBXNativeTarget section */
		B428653124BF65E600F03109 /* Push-Up-Tracker */ = {
			isa = PBXNativeTarget;
			buildConfigurationList = B428656124BF65E800F03109 /* Build configuration list for PBXNativeTarget "Push-Up-Tracker" */;
			buildPhases = (
				2A82864AC94C9F0AE94B311B /* [CP] Check Pods Manifest.lock */,
				B428652E24BF65E600F03109 /* Sources */,
				B428652F24BF65E600F03109 /* Frameworks */,
				B428653024BF65E600F03109 /* Resources */,
				9005CC83C1C02EB9C113B0D5 /* [CP] Embed Pods Frameworks */,
				3B40D81320EB689266FF62D7 /* [CP] Copy Pods Resources */,
			);
			buildRules = (
			);
			dependencies = (
			);
			name = "Push-Up-Tracker";
			productName = "Push-Up-Tracker";
			productReference = B428653224BF65E600F03109 /* Push-Up-Tracker.app */;
			productType = "com.apple.product-type.application";
		};
		B428654C24BF65E800F03109 /* Push-Up-TrackerTests */ = {
			isa = PBXNativeTarget;
			buildConfigurationList = B428656424BF65E800F03109 /* Build configuration list for PBXNativeTarget "Push-Up-TrackerTests" */;
			buildPhases = (
				A6EA1F2AEF038AEF4BD4E1AA /* [CP] Check Pods Manifest.lock */,
				B428654924BF65E800F03109 /* Sources */,
				B428654A24BF65E800F03109 /* Frameworks */,
				B428654B24BF65E800F03109 /* Resources */,
			);
			buildRules = (
			);
			dependencies = (
				B428654F24BF65E800F03109 /* PBXTargetDependency */,
			);
			name = "Push-Up-TrackerTests";
			productName = "Push-Up-TrackerTests";
			productReference = B428654D24BF65E800F03109 /* Push-Up-TrackerTests.xctest */;
			productType = "com.apple.product-type.bundle.unit-test";
		};
		B428655724BF65E800F03109 /* Push-Up-TrackerUITests */ = {
			isa = PBXNativeTarget;
			buildConfigurationList = B428656724BF65E800F03109 /* Build configuration list for PBXNativeTarget "Push-Up-TrackerUITests" */;
			buildPhases = (
				9D664A3D706EB17E15DEF617 /* [CP] Check Pods Manifest.lock */,
				B428655424BF65E800F03109 /* Sources */,
				B428655524BF65E800F03109 /* Frameworks */,
				B428655624BF65E800F03109 /* Resources */,
				FFAB6A6BA9B1C7767B9D4B45 /* [CP] Embed Pods Frameworks */,
				922DE679C257AE86E4180D64 /* [CP] Copy Pods Resources */,
			);
			buildRules = (
			);
			dependencies = (
				B428655A24BF65E800F03109 /* PBXTargetDependency */,
			);
			name = "Push-Up-TrackerUITests";
			productName = "Push-Up-TrackerUITests";
			productReference = B428655824BF65E800F03109 /* Push-Up-TrackerUITests.xctest */;
			productType = "com.apple.product-type.bundle.ui-testing";
		};
/* End PBXNativeTarget section */

/* Begin PBXProject section */
		B428652A24BF65E600F03109 /* Project object */ = {
			isa = PBXProject;
			attributes = {
				LastUpgradeCheck = 1150;
				ORGANIZATIONNAME = chadfranklin;
				TargetAttributes = {
					B428653124BF65E600F03109 = {
						CreatedOnToolsVersion = 11.5;
					};
					B428654C24BF65E800F03109 = {
						CreatedOnToolsVersion = 11.5;
						TestTargetID = B428653124BF65E600F03109;
					};
					B428655724BF65E800F03109 = {
						CreatedOnToolsVersion = 11.5;
						TestTargetID = B428653124BF65E600F03109;
					};
				};
			};
			buildConfigurationList = B428652D24BF65E600F03109 /* Build configuration list for PBXProject "Push-Up-Tracker" */;
			compatibilityVersion = "Xcode 9.3";
			developmentRegion = en;
			hasScannedForEncodings = 0;
			knownRegions = (
				en,
				Base,
			);
			mainGroup = B428652924BF65E600F03109;
			productRefGroup = B428653324BF65E600F03109 /* Products */;
			projectDirPath = "";
			projectRoot = "";
			targets = (
				B428653124BF65E600F03109 /* Push-Up-Tracker */,
				B428654C24BF65E800F03109 /* Push-Up-TrackerTests */,
				B428655724BF65E800F03109 /* Push-Up-TrackerUITests */,
			);
		};
/* End PBXProject section */

/* Begin PBXResourcesBuildPhase section */
		B428653024BF65E600F03109 /* Resources */ = {
			isa = PBXResourcesBuildPhase;
			buildActionMask = 2147483647;
			files = (
				B428654524BF65E800F03109 /* LaunchScreen.storyboard in Resources */,
				B493ED8124D9861E0055C9D0 /* Joey-Up.wav in Resources */,
				B493ED8224D9861E0055C9D0 /* Salli-Down.wav in Resources */,
				B493ED8024D9861E0055C9D0 /* Joey-Down.wav in Resources */,
				B493ED8324D9861E0055C9D0 /* Salli-Up.wav in Resources */,
				B428654224BF65E800F03109 /* Assets.xcassets in Resources */,
				B428654024BF65E600F03109 /* Main.storyboard in Resources */,
			);
			runOnlyForDeploymentPostprocessing = 0;
		};
		B428654B24BF65E800F03109 /* Resources */ = {
			isa = PBXResourcesBuildPhase;
			buildActionMask = 2147483647;
			files = (
			);
			runOnlyForDeploymentPostprocessing = 0;
		};
		B428655624BF65E800F03109 /* Resources */ = {
			isa = PBXResourcesBuildPhase;
			buildActionMask = 2147483647;
			files = (
			);
			runOnlyForDeploymentPostprocessing = 0;
		};
/* End PBXResourcesBuildPhase section */

/* Begin PBXShellScriptBuildPhase section */
		2A82864AC94C9F0AE94B311B /* [CP] Check Pods Manifest.lock */ = {
			isa = PBXShellScriptBuildPhase;
			buildActionMask = 2147483647;
			files = (
			);
			inputFileListPaths = (
			);
			inputPaths = (
				"${PODS_PODFILE_DIR_PATH}/Podfile.lock",
				"${PODS_ROOT}/Manifest.lock",
			);
			name = "[CP] Check Pods Manifest.lock";
			outputFileListPaths = (
			);
			outputPaths = (
				"$(DERIVED_FILE_DIR)/Pods-Push-Up-Tracker-checkManifestLockResult.txt",
			);
			runOnlyForDeploymentPostprocessing = 0;
			shellPath = /bin/sh;
			shellScript = "diff \"${PODS_PODFILE_DIR_PATH}/Podfile.lock\" \"${PODS_ROOT}/Manifest.lock\" > /dev/null\nif [ $? != 0 ] ; then\n    # print error to STDERR\n    echo \"error: The sandbox is not in sync with the Podfile.lock. Run 'pod install' or update your CocoaPods installation.\" >&2\n    exit 1\nfi\n# This output is used by Xcode 'outputs' to avoid re-running this script phase.\necho \"SUCCESS\" > \"${SCRIPT_OUTPUT_FILE_0}\"\n";
			showEnvVarsInLog = 0;
		};
		3B40D81320EB689266FF62D7 /* [CP] Copy Pods Resources */ = {
			isa = PBXShellScriptBuildPhase;
			buildActionMask = 2147483647;
			files = (
			);
			inputFileListPaths = (
				"${PODS_ROOT}/Target Support Files/Pods-Push-Up-Tracker/Pods-Push-Up-Tracker-resources-${CONFIGURATION}-input-files.xcfilelist",
			);
			name = "[CP] Copy Pods Resources";
			outputFileListPaths = (
				"${PODS_ROOT}/Target Support Files/Pods-Push-Up-Tracker/Pods-Push-Up-Tracker-resources-${CONFIGURATION}-output-files.xcfilelist",
			);
			runOnlyForDeploymentPostprocessing = 0;
			shellPath = /bin/sh;
			shellScript = "\"${PODS_ROOT}/Target Support Files/Pods-Push-Up-Tracker/Pods-Push-Up-Tracker-resources.sh\"\n";
			showEnvVarsInLog = 0;
		};
		9005CC83C1C02EB9C113B0D5 /* [CP] Embed Pods Frameworks */ = {
			isa = PBXShellScriptBuildPhase;
			buildActionMask = 2147483647;
			files = (
			);
			inputFileListPaths = (
				"${PODS_ROOT}/Target Support Files/Pods-Push-Up-Tracker/Pods-Push-Up-Tracker-frameworks-${CONFIGURATION}-input-files.xcfilelist",
			);
			name = "[CP] Embed Pods Frameworks";
			outputFileListPaths = (
				"${PODS_ROOT}/Target Support Files/Pods-Push-Up-Tracker/Pods-Push-Up-Tracker-frameworks-${CONFIGURATION}-output-files.xcfilelist",
			);
			runOnlyForDeploymentPostprocessing = 0;
			shellPath = /bin/sh;
			shellScript = "\"${PODS_ROOT}/Target Support Files/Pods-Push-Up-Tracker/Pods-Push-Up-Tracker-frameworks.sh\"\n";
			showEnvVarsInLog = 0;
		};
		922DE679C257AE86E4180D64 /* [CP] Copy Pods Resources */ = {
			isa = PBXShellScriptBuildPhase;
			buildActionMask = 2147483647;
			files = (
			);
			inputFileListPaths = (
				"${PODS_ROOT}/Target Support Files/Pods-Push-Up-Tracker-Push-Up-TrackerUITests/Pods-Push-Up-Tracker-Push-Up-TrackerUITests-resources-${CONFIGURATION}-input-files.xcfilelist",
			);
			name = "[CP] Copy Pods Resources";
			outputFileListPaths = (
				"${PODS_ROOT}/Target Support Files/Pods-Push-Up-Tracker-Push-Up-TrackerUITests/Pods-Push-Up-Tracker-Push-Up-TrackerUITests-resources-${CONFIGURATION}-output-files.xcfilelist",
			);
			runOnlyForDeploymentPostprocessing = 0;
			shellPath = /bin/sh;
			shellScript = "\"${PODS_ROOT}/Target Support Files/Pods-Push-Up-Tracker-Push-Up-TrackerUITests/Pods-Push-Up-Tracker-Push-Up-TrackerUITests-resources.sh\"\n";
			showEnvVarsInLog = 0;
		};
		9D664A3D706EB17E15DEF617 /* [CP] Check Pods Manifest.lock */ = {
			isa = PBXShellScriptBuildPhase;
			buildActionMask = 2147483647;
			files = (
			);
			inputFileListPaths = (
			);
			inputPaths = (
				"${PODS_PODFILE_DIR_PATH}/Podfile.lock",
				"${PODS_ROOT}/Manifest.lock",
			);
			name = "[CP] Check Pods Manifest.lock";
			outputFileListPaths = (
			);
			outputPaths = (
				"$(DERIVED_FILE_DIR)/Pods-Push-Up-Tracker-Push-Up-TrackerUITests-checkManifestLockResult.txt",
			);
			runOnlyForDeploymentPostprocessing = 0;
			shellPath = /bin/sh;
			shellScript = "diff \"${PODS_PODFILE_DIR_PATH}/Podfile.lock\" \"${PODS_ROOT}/Manifest.lock\" > /dev/null\nif [ $? != 0 ] ; then\n    # print error to STDERR\n    echo \"error: The sandbox is not in sync with the Podfile.lock. Run 'pod install' or update your CocoaPods installation.\" >&2\n    exit 1\nfi\n# This output is used by Xcode 'outputs' to avoid re-running this script phase.\necho \"SUCCESS\" > \"${SCRIPT_OUTPUT_FILE_0}\"\n";
			showEnvVarsInLog = 0;
		};
		A6EA1F2AEF038AEF4BD4E1AA /* [CP] Check Pods Manifest.lock */ = {
			isa = PBXShellScriptBuildPhase;
			buildActionMask = 2147483647;
			files = (
			);
			inputFileListPaths = (
			);
			inputPaths = (
				"${PODS_PODFILE_DIR_PATH}/Podfile.lock",
				"${PODS_ROOT}/Manifest.lock",
			);
			name = "[CP] Check Pods Manifest.lock";
			outputFileListPaths = (
			);
			outputPaths = (
				"$(DERIVED_FILE_DIR)/Pods-Push-Up-TrackerTests-checkManifestLockResult.txt",
			);
			runOnlyForDeploymentPostprocessing = 0;
			shellPath = /bin/sh;
			shellScript = "diff \"${PODS_PODFILE_DIR_PATH}/Podfile.lock\" \"${PODS_ROOT}/Manifest.lock\" > /dev/null\nif [ $? != 0 ] ; then\n    # print error to STDERR\n    echo \"error: The sandbox is not in sync with the Podfile.lock. Run 'pod install' or update your CocoaPods installation.\" >&2\n    exit 1\nfi\n# This output is used by Xcode 'outputs' to avoid re-running this script phase.\necho \"SUCCESS\" > \"${SCRIPT_OUTPUT_FILE_0}\"\n";
			showEnvVarsInLog = 0;
		};
		FFAB6A6BA9B1C7767B9D4B45 /* [CP] Embed Pods Frameworks */ = {
			isa = PBXShellScriptBuildPhase;
			buildActionMask = 2147483647;
			files = (
			);
			inputFileListPaths = (
				"${PODS_ROOT}/Target Support Files/Pods-Push-Up-Tracker-Push-Up-TrackerUITests/Pods-Push-Up-Tracker-Push-Up-TrackerUITests-frameworks-${CONFIGURATION}-input-files.xcfilelist",
			);
			name = "[CP] Embed Pods Frameworks";
			outputFileListPaths = (
				"${PODS_ROOT}/Target Support Files/Pods-Push-Up-Tracker-Push-Up-TrackerUITests/Pods-Push-Up-Tracker-Push-Up-TrackerUITests-frameworks-${CONFIGURATION}-output-files.xcfilelist",
			);
			runOnlyForDeploymentPostprocessing = 0;
			shellPath = /bin/sh;
			shellScript = "\"${PODS_ROOT}/Target Support Files/Pods-Push-Up-Tracker-Push-Up-TrackerUITests/Pods-Push-Up-Tracker-Push-Up-TrackerUITests-frameworks.sh\"\n";
			showEnvVarsInLog = 0;
		};
/* End PBXShellScriptBuildPhase section */

/* Begin PBXSourcesBuildPhase section */
		B428652E24BF65E600F03109 /* Sources */ = {
			isa = PBXSourcesBuildPhase;
			buildActionMask = 2147483647;
			files = (
				B493ED9524DADED10055C9D0 /* ProfileGoalsViewController.m in Sources */,
				B4EEA2AD24C9FE3600C05571 /* AddGroupViewController.m in Sources */,
				B493EDA424DCACB00055C9D0 /* EditProfileViewController.m in Sources */,
				B4EEA2C024D0CEB300C05571 /* SetCell.m in Sources */,
				B4EEA2C324D0CECC00C05571 /* Set.m in Sources */,
				B493EDA124DC9B280055C9D0 /* AddGoalViewController.m in Sources */,
				B428653D24BF65E600F03109 /* ViewController.m in Sources */,
				B4EEA2C924D4C6ED00C05571 /* Goal.m in Sources */,
				B428653724BF65E600F03109 /* AppDelegate.m in Sources */,
				B428654824BF65E800F03109 /* main.m in Sources */,
				B4EEA2D224D8AA2900C05571 /* CEFFileHelper.m in Sources */,
				B493ED8624DA059A0055C9D0 /* GroupViewController.m in Sources */,
				B4EEA2B624CB5F2C00C05571 /* GroupCell.m in Sources */,
				B493ED8924DA05C30055C9D0 /* EditGroupViewController.m in Sources */,
				B493ED8C24DAB79C0055C9D0 /* GroupCompletedSetsViewController.m in Sources */,
				B4EEA2B024CA008600C05571 /* GroupsViewController.m in Sources */,
				B493ED9B24DB1FCB0055C9D0 /* GoalCell.m in Sources */,
				B4EEA2CF24D828B600C05571 /* PushupPostViewController.m in Sources */,
				B428653A24BF65E600F03109 /* SceneDelegate.m in Sources */,
				B4EEA2AA24C9E13300C05571 /* PushupViewController.m in Sources */,
				B493ED9E24DC86B00055C9D0 /* GroupGoalsViewController.m in Sources */,
				B4EEA2CC24D800E400C05571 /* CEFPFFileObjectHelper.m in Sources */,
				B493ED9224DAD5730055C9D0 /* RankingSystem.m in Sources */,
				B4EEA2B324CA102100C05571 /* Group.m in Sources */,
				B4EEA2A724C0D36F00C05571 /* ProfileViewController.m in Sources */,
				B4EEA2A424C0C9DE00C05571 /* LoginViewController.m in Sources */,
				B4EEA2C624D3602600C05571 /* SetDetailsViewController.m in Sources */,
				B493ED8F24DACACF0055C9D0 /* OtherProfileViewController.m in Sources */,
				B4EEA2B924D09DD500C05571 /* ProfileCompletedSetsViewController.m in Sources */,
			);
			runOnlyForDeploymentPostprocessing = 0;
		};
		B428654924BF65E800F03109 /* Sources */ = {
			isa = PBXSourcesBuildPhase;
			buildActionMask = 2147483647;
			files = (
				B428655224BF65E800F03109 /* Push_Up_TrackerTests.m in Sources */,
			);
			runOnlyForDeploymentPostprocessing = 0;
		};
		B428655424BF65E800F03109 /* Sources */ = {
			isa = PBXSourcesBuildPhase;
			buildActionMask = 2147483647;
			files = (
				B428655D24BF65E800F03109 /* Push_Up_TrackerUITests.m in Sources */,
			);
			runOnlyForDeploymentPostprocessing = 0;
		};
/* End PBXSourcesBuildPhase section */

/* Begin PBXTargetDependency section */
		B428654F24BF65E800F03109 /* PBXTargetDependency */ = {
			isa = PBXTargetDependency;
			target = B428653124BF65E600F03109 /* Push-Up-Tracker */;
			targetProxy = B428654E24BF65E800F03109 /* PBXContainerItemProxy */;
		};
		B428655A24BF65E800F03109 /* PBXTargetDependency */ = {
			isa = PBXTargetDependency;
			target = B428653124BF65E600F03109 /* Push-Up-Tracker */;
			targetProxy = B428655924BF65E800F03109 /* PBXContainerItemProxy */;
		};
/* End PBXTargetDependency section */

/* Begin PBXVariantGroup section */
		B428653E24BF65E600F03109 /* Main.storyboard */ = {
			isa = PBXVariantGroup;
			children = (
				B428653F24BF65E600F03109 /* Base */,
			);
			name = Main.storyboard;
			sourceTree = "<group>";
		};
		B428654324BF65E800F03109 /* LaunchScreen.storyboard */ = {
			isa = PBXVariantGroup;
			children = (
				B428654424BF65E800F03109 /* Base */,
			);
			name = LaunchScreen.storyboard;
			sourceTree = "<group>";
		};
/* End PBXVariantGroup section */

/* Begin XCBuildConfiguration section */
		B428655F24BF65E800F03109 /* Debug */ = {
			isa = XCBuildConfiguration;
			buildSettings = {
				ALWAYS_SEARCH_USER_PATHS = NO;
				CLANG_ANALYZER_NONNULL = YES;
				CLANG_ANALYZER_NUMBER_OBJECT_CONVERSION = YES_AGGRESSIVE;
				CLANG_CXX_LANGUAGE_STANDARD = "gnu++14";
				CLANG_CXX_LIBRARY = "libc++";
				CLANG_ENABLE_MODULES = YES;
				CLANG_ENABLE_OBJC_ARC = YES;
				CLANG_ENABLE_OBJC_WEAK = YES;
				CLANG_WARN_BLOCK_CAPTURE_AUTORELEASING = YES;
				CLANG_WARN_BOOL_CONVERSION = YES;
				CLANG_WARN_COMMA = YES;
				CLANG_WARN_CONSTANT_CONVERSION = YES;
				CLANG_WARN_DEPRECATED_OBJC_IMPLEMENTATIONS = YES;
				CLANG_WARN_DIRECT_OBJC_ISA_USAGE = YES_ERROR;
				CLANG_WARN_DOCUMENTATION_COMMENTS = YES;
				CLANG_WARN_EMPTY_BODY = YES;
				CLANG_WARN_ENUM_CONVERSION = YES;
				CLANG_WARN_INFINITE_RECURSION = YES;
				CLANG_WARN_INT_CONVERSION = YES;
				CLANG_WARN_NON_LITERAL_NULL_CONVERSION = YES;
				CLANG_WARN_OBJC_IMPLICIT_RETAIN_SELF = YES;
				CLANG_WARN_OBJC_LITERAL_CONVERSION = YES;
				CLANG_WARN_OBJC_ROOT_CLASS = YES_ERROR;
				CLANG_WARN_RANGE_LOOP_ANALYSIS = YES;
				CLANG_WARN_STRICT_PROTOTYPES = YES;
				CLANG_WARN_SUSPICIOUS_MOVE = YES;
				CLANG_WARN_UNGUARDED_AVAILABILITY = YES_AGGRESSIVE;
				CLANG_WARN_UNREACHABLE_CODE = YES;
				CLANG_WARN__DUPLICATE_METHOD_MATCH = YES;
				COPY_PHASE_STRIP = NO;
				DEBUG_INFORMATION_FORMAT = dwarf;
				ENABLE_STRICT_OBJC_MSGSEND = YES;
				ENABLE_TESTABILITY = YES;
				GCC_C_LANGUAGE_STANDARD = gnu11;
				GCC_DYNAMIC_NO_PIC = NO;
				GCC_NO_COMMON_BLOCKS = YES;
				GCC_OPTIMIZATION_LEVEL = 0;
				GCC_PREPROCESSOR_DEFINITIONS = (
					"DEBUG=1",
					"$(inherited)",
				);
				GCC_WARN_64_TO_32_BIT_CONVERSION = YES;
				GCC_WARN_ABOUT_RETURN_TYPE = YES_ERROR;
				GCC_WARN_UNDECLARED_SELECTOR = YES;
				GCC_WARN_UNINITIALIZED_AUTOS = YES_AGGRESSIVE;
				GCC_WARN_UNUSED_FUNCTION = YES;
				GCC_WARN_UNUSED_VARIABLE = YES;
				IPHONEOS_DEPLOYMENT_TARGET = 13.5;
				MTL_ENABLE_DEBUG_INFO = INCLUDE_SOURCE;
				MTL_FAST_MATH = YES;
				ONLY_ACTIVE_ARCH = YES;
				SDKROOT = iphoneos;
			};
			name = Debug;
		};
		B428656024BF65E800F03109 /* Release */ = {
			isa = XCBuildConfiguration;
			buildSettings = {
				ALWAYS_SEARCH_USER_PATHS = NO;
				CLANG_ANALYZER_NONNULL = YES;
				CLANG_ANALYZER_NUMBER_OBJECT_CONVERSION = YES_AGGRESSIVE;
				CLANG_CXX_LANGUAGE_STANDARD = "gnu++14";
				CLANG_CXX_LIBRARY = "libc++";
				CLANG_ENABLE_MODULES = YES;
				CLANG_ENABLE_OBJC_ARC = YES;
				CLANG_ENABLE_OBJC_WEAK = YES;
				CLANG_WARN_BLOCK_CAPTURE_AUTORELEASING = YES;
				CLANG_WARN_BOOL_CONVERSION = YES;
				CLANG_WARN_COMMA = YES;
				CLANG_WARN_CONSTANT_CONVERSION = YES;
				CLANG_WARN_DEPRECATED_OBJC_IMPLEMENTATIONS = YES;
				CLANG_WARN_DIRECT_OBJC_ISA_USAGE = YES_ERROR;
				CLANG_WARN_DOCUMENTATION_COMMENTS = YES;
				CLANG_WARN_EMPTY_BODY = YES;
				CLANG_WARN_ENUM_CONVERSION = YES;
				CLANG_WARN_INFINITE_RECURSION = YES;
				CLANG_WARN_INT_CONVERSION = YES;
				CLANG_WARN_NON_LITERAL_NULL_CONVERSION = YES;
				CLANG_WARN_OBJC_IMPLICIT_RETAIN_SELF = YES;
				CLANG_WARN_OBJC_LITERAL_CONVERSION = YES;
				CLANG_WARN_OBJC_ROOT_CLASS = YES_ERROR;
				CLANG_WARN_RANGE_LOOP_ANALYSIS = YES;
				CLANG_WARN_STRICT_PROTOTYPES = YES;
				CLANG_WARN_SUSPICIOUS_MOVE = YES;
				CLANG_WARN_UNGUARDED_AVAILABILITY = YES_AGGRESSIVE;
				CLANG_WARN_UNREACHABLE_CODE = YES;
				CLANG_WARN__DUPLICATE_METHOD_MATCH = YES;
				COPY_PHASE_STRIP = NO;
				DEBUG_INFORMATION_FORMAT = "dwarf-with-dsym";
				ENABLE_NS_ASSERTIONS = NO;
				ENABLE_STRICT_OBJC_MSGSEND = YES;
				GCC_C_LANGUAGE_STANDARD = gnu11;
				GCC_NO_COMMON_BLOCKS = YES;
				GCC_WARN_64_TO_32_BIT_CONVERSION = YES;
				GCC_WARN_ABOUT_RETURN_TYPE = YES_ERROR;
				GCC_WARN_UNDECLARED_SELECTOR = YES;
				GCC_WARN_UNINITIALIZED_AUTOS = YES_AGGRESSIVE;
				GCC_WARN_UNUSED_FUNCTION = YES;
				GCC_WARN_UNUSED_VARIABLE = YES;
				IPHONEOS_DEPLOYMENT_TARGET = 13.5;
				MTL_ENABLE_DEBUG_INFO = NO;
				MTL_FAST_MATH = YES;
				SDKROOT = iphoneos;
				VALIDATE_PRODUCT = YES;
			};
			name = Release;
		};
		B428656224BF65E800F03109 /* Debug */ = {
			isa = XCBuildConfiguration;
			baseConfigurationReference = A92AF6D82077891DBDC906CF /* Pods-Push-Up-Tracker.debug.xcconfig */;
			buildSettings = {
				ASSETCATALOG_COMPILER_APPICON_NAME = AppIcon;
				CODE_SIGN_STYLE = Automatic;
				DEVELOPMENT_TEAM = D28L47T38U;
				INFOPLIST_FILE = "Push-Up-Tracker/Info.plist";
				LD_RUNPATH_SEARCH_PATHS = (
					"$(inherited)",
					"@executable_path/Frameworks",
				);
				PRODUCT_BUNDLE_IDENTIFIER = "com.chadellisfranklin.Push-Up-Tracker";
				PRODUCT_NAME = "$(TARGET_NAME)";
				TARGETED_DEVICE_FAMILY = "1,2";
			};
			name = Debug;
		};
		B428656324BF65E800F03109 /* Release */ = {
			isa = XCBuildConfiguration;
			baseConfigurationReference = D713EC81180F99D1739DCECC /* Pods-Push-Up-Tracker.release.xcconfig */;
			buildSettings = {
				ASSETCATALOG_COMPILER_APPICON_NAME = AppIcon;
				CODE_SIGN_STYLE = Automatic;
				DEVELOPMENT_TEAM = D28L47T38U;
				INFOPLIST_FILE = "Push-Up-Tracker/Info.plist";
				LD_RUNPATH_SEARCH_PATHS = (
					"$(inherited)",
					"@executable_path/Frameworks",
				);
				PRODUCT_BUNDLE_IDENTIFIER = "com.chadellisfranklin.Push-Up-Tracker";
				PRODUCT_NAME = "$(TARGET_NAME)";
				TARGETED_DEVICE_FAMILY = "1,2";
			};
			name = Release;
		};
		B428656524BF65E800F03109 /* Debug */ = {
			isa = XCBuildConfiguration;
			baseConfigurationReference = 28CAE9F3D65D1112AD3D1AC2 /* Pods-Push-Up-TrackerTests.debug.xcconfig */;
			buildSettings = {
				BUNDLE_LOADER = "$(TEST_HOST)";
				CODE_SIGN_STYLE = Automatic;
				DEVELOPMENT_TEAM = D28L47T38U;
				INFOPLIST_FILE = "Push-Up-TrackerTests/Info.plist";
				IPHONEOS_DEPLOYMENT_TARGET = 13.5;
				LD_RUNPATH_SEARCH_PATHS = (
					"$(inherited)",
					"@executable_path/Frameworks",
					"@loader_path/Frameworks",
				);
				PRODUCT_BUNDLE_IDENTIFIER = "com.chadellisfranklin.Push-Up-TrackerTests";
				PRODUCT_NAME = "$(TARGET_NAME)";
				TARGETED_DEVICE_FAMILY = "1,2";
				TEST_HOST = "$(BUILT_PRODUCTS_DIR)/Push-Up-Tracker.app/Push-Up-Tracker";
			};
			name = Debug;
		};
		B428656624BF65E800F03109 /* Release */ = {
			isa = XCBuildConfiguration;
			baseConfigurationReference = 149C62F7480DE775C44E25DA /* Pods-Push-Up-TrackerTests.release.xcconfig */;
			buildSettings = {
				BUNDLE_LOADER = "$(TEST_HOST)";
				CODE_SIGN_STYLE = Automatic;
				DEVELOPMENT_TEAM = D28L47T38U;
				INFOPLIST_FILE = "Push-Up-TrackerTests/Info.plist";
				IPHONEOS_DEPLOYMENT_TARGET = 13.5;
				LD_RUNPATH_SEARCH_PATHS = (
					"$(inherited)",
					"@executable_path/Frameworks",
					"@loader_path/Frameworks",
				);
				PRODUCT_BUNDLE_IDENTIFIER = "com.chadellisfranklin.Push-Up-TrackerTests";
				PRODUCT_NAME = "$(TARGET_NAME)";
				TARGETED_DEVICE_FAMILY = "1,2";
				TEST_HOST = "$(BUILT_PRODUCTS_DIR)/Push-Up-Tracker.app/Push-Up-Tracker";
			};
			name = Release;
		};
		B428656824BF65E800F03109 /* Debug */ = {
			isa = XCBuildConfiguration;
			baseConfigurationReference = 45D0A63E4F4A8347880C09ED /* Pods-Push-Up-Tracker-Push-Up-TrackerUITests.debug.xcconfig */;
			buildSettings = {
				CODE_SIGN_STYLE = Automatic;
				DEVELOPMENT_TEAM = D28L47T38U;
				INFOPLIST_FILE = "Push-Up-TrackerUITests/Info.plist";
				LD_RUNPATH_SEARCH_PATHS = (
					"$(inherited)",
					"@executable_path/Frameworks",
					"@loader_path/Frameworks",
				);
				PRODUCT_BUNDLE_IDENTIFIER = "com.chadellisfranklin.Push-Up-TrackerUITests";
				PRODUCT_NAME = "$(TARGET_NAME)";
				TARGETED_DEVICE_FAMILY = "1,2";
				TEST_TARGET_NAME = "Push-Up-Tracker";
			};
			name = Debug;
		};
		B428656924BF65E800F03109 /* Release */ = {
			isa = XCBuildConfiguration;
			baseConfigurationReference = 8173676FBFDACE90D23156C3 /* Pods-Push-Up-Tracker-Push-Up-TrackerUITests.release.xcconfig */;
			buildSettings = {
				CODE_SIGN_STYLE = Automatic;
				DEVELOPMENT_TEAM = D28L47T38U;
				INFOPLIST_FILE = "Push-Up-TrackerUITests/Info.plist";
				LD_RUNPATH_SEARCH_PATHS = (
					"$(inherited)",
					"@executable_path/Frameworks",
					"@loader_path/Frameworks",
				);
				PRODUCT_BUNDLE_IDENTIFIER = "com.chadellisfranklin.Push-Up-TrackerUITests";
				PRODUCT_NAME = "$(TARGET_NAME)";
				TARGETED_DEVICE_FAMILY = "1,2";
				TEST_TARGET_NAME = "Push-Up-Tracker";
			};
			name = Release;
		};
/* End XCBuildConfiguration section */

/* Begin XCConfigurationList section */
		B428652D24BF65E600F03109 /* Build configuration list for PBXProject "Push-Up-Tracker" */ = {
			isa = XCConfigurationList;
			buildConfigurations = (
				B428655F24BF65E800F03109 /* Debug */,
				B428656024BF65E800F03109 /* Release */,
			);
			defaultConfigurationIsVisible = 0;
			defaultConfigurationName = Release;
		};
		B428656124BF65E800F03109 /* Build configuration list for PBXNativeTarget "Push-Up-Tracker" */ = {
			isa = XCConfigurationList;
			buildConfigurations = (
				B428656224BF65E800F03109 /* Debug */,
				B428656324BF65E800F03109 /* Release */,
			);
			defaultConfigurationIsVisible = 0;
			defaultConfigurationName = Release;
		};
		B428656424BF65E800F03109 /* Build configuration list for PBXNativeTarget "Push-Up-TrackerTests" */ = {
			isa = XCConfigurationList;
			buildConfigurations = (
				B428656524BF65E800F03109 /* Debug */,
				B428656624BF65E800F03109 /* Release */,
			);
			defaultConfigurationIsVisible = 0;
			defaultConfigurationName = Release;
		};
		B428656724BF65E800F03109 /* Build configuration list for PBXNativeTarget "Push-Up-TrackerUITests" */ = {
			isa = XCConfigurationList;
			buildConfigurations = (
				B428656824BF65E800F03109 /* Debug */,
				B428656924BF65E800F03109 /* Release */,
			);
			defaultConfigurationIsVisible = 0;
			defaultConfigurationName = Release;
		};
/* End XCConfigurationList section */
	};
	rootObject = B428652A24BF65E600F03109 /* Project object */;
}
